
Microsoft Visual Studio Solution File, Format Version 12.00
# Visual Studio Version 17
VisualStudioVersion = 17.1.32328.378
MinimumVisualStudioVersion = 10.0.40219.1
Project("{FAE04EC0-301F-11D3-BF4B-00C04F79EFBC}") = "LambdaProject", "LambdaProject.csproj", "{A2EC9A0C-2D50-465E-8679-20AD76233986}"
EndProject
Global
	GlobalSection(SolutionConfigurationPlatforms) = preSolution
		Debug|Any CPU = Debug|Any CPU
		Release|Any CPU = Release|Any CPU
	EndGlobalSection
	GlobalSection(ProjectConfigurationPlatforms) = postSolution
		{A2EC9A0C-2D50-465E-8679-20AD76233986}.Debug|Any CPU.ActiveCfg = Debug|Any CPU
		{A2EC9A0C-2D50-465E-8679-20AD76233986}.Debug|Any CPU.Build.0 = Debug|Any CPU
		{A2EC9A0C-2D50-465E-8679-20AD76233986}.Release|Any CPU.ActiveCfg = Release|Any CPU
		{A2EC9A0C-2D50-465E-8679-20AD76233986}.Release|Any CPU.Build.0 = Release|Any CPU
	EndGlobalSection
	GlobalSection(SolutionProperties) = preSolution
		HideSolutionNode = FALSE
	EndGlobalSection
	GlobalSection(ExtensibilityGlobals) = postSolution
		SolutionGuid = {323625E9-42ED-47C2-997A-6AA47A029059}
	EndGlobalSection
EndGlobal
